
Microsoft Visual Studio Solution File, Format Version 12.00
# Visual Studio Version 16
VisualStudioVersion = 16.0.29613.14
MinimumVisualStudioVersion = 10.0.40219.1
Project("{9A19103F-16F7-4668-BE54-9A1E7A4F7556}") = "CircleArea", "CircleArea\CircleArea.csproj", "{FA618C6E-FF66-4B2A-AF6A-F788749F6D76}"
EndProject
Global
	GlobalSection(SolutionConfigurationPlatforms) = preSolution
		Debug|Any CPU = Debug|Any CPU
		Release|Any CPU = Release|Any CPU
	EndGlobalSection
	GlobalSection(ProjectConfigurationPlatforms) = postSolution
		{FA618C6E-FF66-4B2A-AF6A-F788749F6D76}.Debug|Any CPU.ActiveCfg = Debug|Any CPU
		{FA618C6E-FF66-4B2A-AF6A-F788749F6D76}.Debug|Any CPU.Build.0 = Debug|Any CPU
		{FA618C6E-FF66-4B2A-AF6A-F788749F6D76}.Release|Any CPU.ActiveCfg = Release|Any CPU
		{FA618C6E-FF66-4B2A-AF6A-F788749F6D76}.Release|Any CPU.Build.0 = Release|Any CPU
	EndGlobalSection
	GlobalSection(SolutionProperties) = preSolution
		HideSolutionNode = FALSE
	EndGlobalSection
	GlobalSection(ExtensibilityGlobals) = postSolution
		SolutionGuid = {0B5EC121-DE2B-4E23-A981-DF8EE2AD0FEF}
	EndGlobalSection
EndGlobal
